
Microsoft Visual Studio Solution File, Format Version 12.00
# Visual Studio 2012
Project("{FAE04EC0-301F-11D3-BF4B-00C04F79EFBC}") = "runtimeTesting", "runtimeTesting\runtimeTesting.csproj", "{EA38F2C6-D8ED-4C96-B50A-5B2F9DC5408A}"
EndProject
Global
	GlobalSection(SolutionConfigurationPlatforms) = preSolution
		Debug|Any CPU = Debug|Any CPU
		Release|Any CPU = Release|Any CPU
	EndGlobalSection
	GlobalSection(ProjectConfigurationPlatforms) = postSolution
		{EA38F2C6-D8ED-4C96-B50A-5B2F9DC5408A}.Debug|Any CPU.ActiveCfg = Debug|Any CPU
		{EA38F2C6-D8ED-4C96-B50A-5B2F9DC5408A}.Debug|Any CPU.Build.0 = Debug|Any CPU
		{EA38F2C6-D8ED-4C96-B50A-5B2F9DC5408A}.Release|Any CPU.ActiveCfg = Release|Any CPU
		{EA38F2C6-D8ED-4C96-B50A-5B2F9DC5408A}.Release|Any CPU.Build.0 = Release|Any CPU
	EndGlobalSection
	GlobalSection(SolutionProperties) = preSolution
		HideSolutionNode = FALSE
	EndGlobalSection
EndGlobal
