
Microsoft Visual Studio Solution File, Format Version 12.00
# Visual Studio 2012
Project("{FAE04EC0-301F-11D3-BF4B-00C04F79EFBC}") = "MapControlApplication1", "MapControlApplication1\MapControlApplication1.csproj", "{DD088383-EAE6-4FFC-9A2E-729A9422496B}"
EndProject
Global
	GlobalSection(SolutionConfigurationPlatforms) = preSolution
		Debug|x86 = Debug|x86
		Release|x86 = Release|x86
	EndGlobalSection
	GlobalSection(ProjectConfigurationPlatforms) = postSolution
		{DD088383-EAE6-4FFC-9A2E-729A9422496B}.Debug|x86.ActiveCfg = Debug|x86
		{DD088383-EAE6-4FFC-9A2E-729A9422496B}.Debug|x86.Build.0 = Debug|x86
		{DD088383-EAE6-4FFC-9A2E-729A9422496B}.Release|x86.ActiveCfg = Release|x86
		{DD088383-EAE6-4FFC-9A2E-729A9422496B}.Release|x86.Build.0 = Release|x86
	EndGlobalSection
	GlobalSection(SolutionProperties) = preSolution
		HideSolutionNode = FALSE
	EndGlobalSection
EndGlobal
