
Microsoft Visual Studio Solution File, Format Version 12.00
# Visual Studio 2012
Project("{FAE04EC0-301F-11D3-BF4B-00C04F79EFBC}") = "GameTest", "GameTest\GameTest\GameTest.csproj", "{0F22FB43-A9FC-4D83-916B-57BE0D67E49E}"
EndProject
Project("{96E2B04D-8817-42C6-938A-82C39BA4D311}") = "GameTestContent", "GameTest\GameTestContent\GameTestContent.contentproj", "{180A6636-C498-4181-AEAA-B1402E7F3B30}"
EndProject
Global
	GlobalSection(SolutionConfigurationPlatforms) = preSolution
		Debug|x86 = Debug|x86
		Release|x86 = Release|x86
	EndGlobalSection
	GlobalSection(ProjectConfigurationPlatforms) = postSolution
		{0F22FB43-A9FC-4D83-916B-57BE0D67E49E}.Debug|x86.ActiveCfg = Debug|x86
		{0F22FB43-A9FC-4D83-916B-57BE0D67E49E}.Debug|x86.Build.0 = Debug|x86
		{0F22FB43-A9FC-4D83-916B-57BE0D67E49E}.Release|x86.ActiveCfg = Release|x86
		{0F22FB43-A9FC-4D83-916B-57BE0D67E49E}.Release|x86.Build.0 = Release|x86
		{180A6636-C498-4181-AEAA-B1402E7F3B30}.Debug|x86.ActiveCfg = Debug|x86
		{180A6636-C498-4181-AEAA-B1402E7F3B30}.Release|x86.ActiveCfg = Release|x86
	EndGlobalSection
	GlobalSection(SolutionProperties) = preSolution
		HideSolutionNode = FALSE
	EndGlobalSection
EndGlobal
