
Microsoft Visual Studio Solution File, Format Version 12.00
# Visual Studio 2012
Project("{FAE04EC0-301F-11D3-BF4B-00C04F79EFBC}") = "PokemonApp", "PokemonApp\PokemonApp.csproj", "{0B480601-C043-4A2F-89E2-97633E0CB293}"
EndProject
Global
	GlobalSection(SolutionConfigurationPlatforms) = preSolution
		Debug|Any CPU = Debug|Any CPU
		Release|Any CPU = Release|Any CPU
	EndGlobalSection
	GlobalSection(ProjectConfigurationPlatforms) = postSolution
		{0B480601-C043-4A2F-89E2-97633E0CB293}.Debug|Any CPU.ActiveCfg = Debug|Any CPU
		{0B480601-C043-4A2F-89E2-97633E0CB293}.Debug|Any CPU.Build.0 = Debug|Any CPU
		{0B480601-C043-4A2F-89E2-97633E0CB293}.Release|Any CPU.ActiveCfg = Release|Any CPU
		{0B480601-C043-4A2F-89E2-97633E0CB293}.Release|Any CPU.Build.0 = Release|Any CPU
	EndGlobalSection
	GlobalSection(SolutionProperties) = preSolution
		HideSolutionNode = FALSE
	EndGlobalSection
EndGlobal
