
Microsoft Visual Studio Solution File, Format Version 12.00
# Visual Studio 2012
Project("{FAE04EC0-301F-11D3-BF4B-00C04F79EFBC}") = "MapControlApplication3", "MapControlApplication3\MapControlApplication3.csproj", "{CD89BEE4-CB83-4401-B872-06A53D1BAF25}"
EndProject
Global
	GlobalSection(SolutionConfigurationPlatforms) = preSolution
		Debug|x86 = Debug|x86
		Release|x86 = Release|x86
	EndGlobalSection
	GlobalSection(ProjectConfigurationPlatforms) = postSolution
		{CD89BEE4-CB83-4401-B872-06A53D1BAF25}.Debug|x86.ActiveCfg = Debug|x86
		{CD89BEE4-CB83-4401-B872-06A53D1BAF25}.Debug|x86.Build.0 = Debug|x86
		{CD89BEE4-CB83-4401-B872-06A53D1BAF25}.Release|x86.ActiveCfg = Release|x86
		{CD89BEE4-CB83-4401-B872-06A53D1BAF25}.Release|x86.Build.0 = Release|x86
	EndGlobalSection
	GlobalSection(SolutionProperties) = preSolution
		HideSolutionNode = FALSE
	EndGlobalSection
EndGlobal
